<Solution>
  <Project Path="FootballBooking.BLL/FootballBooking.BLL.csproj" />
  <Project Path="FootballBooking.DAL/FootballBooking.DAL.csproj" />
  <Project Path="FootballBooking.Models/FootballBooking.Models.csproj" />
  <Project Path="FootballBooking.UI/FootballBooking.UI.csproj" />
  <Project Path="FootballBooking.Web/FootballBooking.Web.csproj" />
</Solution>
